{
  "requires": true,
  "lockfileVersion": 1,
  "dependencies": {
    "@types/faker": {
      "version": "4.1.5",
      "resolved": "https://registry.npmjs.org/@types/faker/-/faker-4.1.5.tgz",
      "integrity": "sha512-YSDqoBEWYGdNk53xSkkb6REaUaVSlIjxIAGjj/nbLzlZOit7kUU+nA2zC2qQkIVO4MQ+3zl4Sz7aw+kbpHHHUQ=="
    },
    "@types/googlemaps": {
      "version": "3.37.7",
      "resolved": "https://registry.npmjs.org/@types/googlemaps/-/googlemaps-3.37.7.tgz",
      "integrity": "sha512-a+mvO0PHHBmvojRAKEo81MYnG8JlZScDoguVHqMi/myfrJIF1KmcSNVyMi6Y5BG/skgLpFJM37nl+hwHNGb3ig==",
      "dev": true
    },
    "faker": {
      "version": "4.1.0",
      "resolved": "https://registry.npmjs.org/faker/-/faker-4.1.0.tgz",
      "integrity": "sha1-HkW7vsxndLPBlfrSg1EJxtdIzD8="
    },
    "typescript": {
      "version": "3.6.3",
      "resolved": "https://registry.npmjs.org/typescript/-/typescript-3.6.3.tgz",
      "integrity": "sha512-N7bceJL1CtRQ2RiG0AQME13ksR7DiuQh/QehubYcghzv20tnh+MQnQIuJddTmsbqYj+dztchykemz0zFzlvdQw==",
      "dev": true
    }
  }
}
